
Microsoft Visual Studio Solution File, Format Version 12.00
# Visual Studio Version 17
VisualStudioVersion = 17.3.32922.545
MinimumVisualStudioVersion = 10.0.40219.1
Project("{FAE04EC0-301F-11D3-BF4B-00C04F79EFBC}") = "ExportIFC", "ExportIFC\ExportIFC.csproj", "{0C939C36-AAC9-410D-A4E2-BD7D44D1B633}"
EndProject
Global
	GlobalSection(SolutionConfigurationPlatforms) = preSolution
		Debug|Any CPU = Debug|Any CPU
		Debug|x64 = Debug|x64
		Release|Any CPU = Release|Any CPU
		Release|x64 = Release|x64
	EndGlobalSection
	GlobalSection(ProjectConfigurationPlatforms) = postSolution
		{0C939C36-AAC9-410D-A4E2-BD7D44D1B633}.Debug|Any CPU.ActiveCfg = Debug|Any CPU
		{0C939C36-AAC9-410D-A4E2-BD7D44D1B633}.Debug|Any CPU.Build.0 = Debug|Any CPU
		{0C939C36-AAC9-410D-A4E2-BD7D44D1B633}.Debug|x64.ActiveCfg = Debug|x64
		{0C939C36-AAC9-410D-A4E2-BD7D44D1B633}.Debug|x64.Build.0 = Debug|x64
		{0C939C36-AAC9-410D-A4E2-BD7D44D1B633}.Release|Any CPU.ActiveCfg = Release|Any CPU
		{0C939C36-AAC9-410D-A4E2-BD7D44D1B633}.Release|Any CPU.Build.0 = Release|Any CPU
		{0C939C36-AAC9-410D-A4E2-BD7D44D1B633}.Release|x64.ActiveCfg = Release|x64
		{0C939C36-AAC9-410D-A4E2-BD7D44D1B633}.Release|x64.Build.0 = Release|x64
	EndGlobalSection
	GlobalSection(SolutionProperties) = preSolution
		HideSolutionNode = FALSE
	EndGlobalSection
	GlobalSection(ExtensibilityGlobals) = postSolution
		SolutionGuid = {C81141AC-93DB-45B1-8829-28C3F582327D}
	EndGlobalSection
EndGlobal
